
Microsoft Visual Studio Solution File, Format Version 12.00
# Visual Studio 2012
Project("{FAE04EC0-301F-11D3-BF4B-00C04F79EFBC}") = "FuzzyPathCompletion", "FuzzyDirCompletion\FuzzyPathCompletion.csproj", "{65AC2DAA-4437-4B91-B6EE-A8CFC5079DB4}"
EndProject
Project("{FAE04EC0-301F-11D3-BF4B-00C04F79EFBC}") = "FuzzyPathCompletion.Test", "FuzzyDirCompletion.Test\FuzzyPathCompletion.Test.csproj", "{F1C02E36-EF1D-4A97-B738-7B8BDD280A8C}"
EndProject
Global
	GlobalSection(SolutionConfigurationPlatforms) = preSolution
		Debug|Any CPU = Debug|Any CPU
		Release|Any CPU = Release|Any CPU
	EndGlobalSection
	GlobalSection(ProjectConfigurationPlatforms) = postSolution
		{65AC2DAA-4437-4B91-B6EE-A8CFC5079DB4}.Debug|Any CPU.ActiveCfg = Debug|Any CPU
		{65AC2DAA-4437-4B91-B6EE-A8CFC5079DB4}.Debug|Any CPU.Build.0 = Debug|Any CPU
		{65AC2DAA-4437-4B91-B6EE-A8CFC5079DB4}.Release|Any CPU.ActiveCfg = Release|Any CPU
		{65AC2DAA-4437-4B91-B6EE-A8CFC5079DB4}.Release|Any CPU.Build.0 = Release|Any CPU
		{F1C02E36-EF1D-4A97-B738-7B8BDD280A8C}.Debug|Any CPU.ActiveCfg = Debug|Any CPU
		{F1C02E36-EF1D-4A97-B738-7B8BDD280A8C}.Debug|Any CPU.Build.0 = Debug|Any CPU
		{F1C02E36-EF1D-4A97-B738-7B8BDD280A8C}.Release|Any CPU.ActiveCfg = Release|Any CPU
		{F1C02E36-EF1D-4A97-B738-7B8BDD280A8C}.Release|Any CPU.Build.0 = Release|Any CPU
	EndGlobalSection
	GlobalSection(SolutionProperties) = preSolution
		HideSolutionNode = FALSE
	EndGlobalSection
EndGlobal
